// !$*UTF8*$!
{
	archiveVersion = 1;
	classes = {
	};
	objectVersion = 46;
	objects = {

/* Begin PBXBuildFile section */
		0F4373D01F0F182B00632C5E /* ProfileCollectionViewController.m in Sources */ = {isa = PBXBuildFile; fileRef = 0F4373CF1F0F182B00632C5E /* ProfileCollectionViewController.m */; };
		0F4373D11F0F182B00632C5E /* ProfileCollectionViewController.m in Sources */ = {isa = PBXBuildFile; fileRef = 0F4373CF1F0F182B00632C5E /* ProfileCollectionViewController.m */; };
		0F4373D21F0F182B00632C5E /* ProfileCollectionViewController.m in Sources */ = {isa = PBXBuildFile; fileRef = 0F4373CF1F0F182B00632C5E /* ProfileCollectionViewController.m */; };
		0F4373D41F0F185600632C5E /* Profile_iPhone.storyboard in Resources */ = {isa = PBXBuildFile; fileRef = 0F4373D31F0F185600632C5E /* Profile_iPhone.storyboard */; };
		0F4373D51F0F185600632C5E /* Profile_iPhone.storyboard in Resources */ = {isa = PBXBuildFile; fileRef = 0F4373D31F0F185600632C5E /* Profile_iPhone.storyboard */; };
		0F4373D61F0F185600632C5E /* Profile_iPhone.storyboard in Resources */ = {isa = PBXBuildFile; fileRef = 0F4373D31F0F185600632C5E /* Profile_iPhone.storyboard */; };
		0FE5E9101EF9FB7500E09EC9 /* main.m in Sources */ = {isa = PBXBuildFile; fileRef = 0FE5E90F1EF9FB7500E09EC9 /* main.m */; };
		0FE5E9131EF9FB7500E09EC9 /* AppDelegate.m in Sources */ = {isa = PBXBuildFile; fileRef = 0FE5E9121EF9FB7500E09EC9 /* AppDelegate.m */; };
		0FE5E9161EF9FB7500E09EC9 /* ViewController.m in Sources */ = {isa = PBXBuildFile; fileRef = 0FE5E9151EF9FB7500E09EC9 /* ViewController.m */; };
		0FE5E9191EF9FB7500E09EC9 /* Main.storyboard in Resources */ = {isa = PBXBuildFile; fileRef = 0FE5E9171EF9FB7500E09EC9 /* Main.storyboard */; };
		0FE5E91B1EF9FB7500E09EC9 /* Assets.xcassets in Resources */ = {isa = PBXBuildFile; fileRef = 0FE5E91A1EF9FB7500E09EC9 /* Assets.xcassets */; };
		0FE5E91E1EF9FB7500E09EC9 /* LaunchScreen.storyboard in Resources */ = {isa = PBXBuildFile; fileRef = 0FE5E91C1EF9FB7500E09EC9 /* LaunchScreen.storyboard */; };
		0FE5E9291EF9FB7500E09EC9 /* GooDishTests.m in Sources */ = {isa = PBXBuildFile; fileRef = 0FE5E9281EF9FB7500E09EC9 /* GooDishTests.m */; };
		0FE5E9341EF9FB7500E09EC9 /* GooDishUITests.m in Sources */ = {isa = PBXBuildFile; fileRef = 0FE5E9331EF9FB7500E09EC9 /* GooDishUITests.m */; };
		0FE5E9431EF9FDBD00E09EC9 /* searchDishes_iPhone.storyboard in Resources */ = {isa = PBXBuildFile; fileRef = 0FE5E9421EF9FDBD00E09EC9 /* searchDishes_iPhone.storyboard */; };
		0FE5E9441EF9FDBD00E09EC9 /* searchDishes_iPhone.storyboard in Resources */ = {isa = PBXBuildFile; fileRef = 0FE5E9421EF9FDBD00E09EC9 /* searchDishes_iPhone.storyboard */; };
		0FE5E9451EF9FDBD00E09EC9 /* searchDishes_iPhone.storyboard in Resources */ = {isa = PBXBuildFile; fileRef = 0FE5E9421EF9FDBD00E09EC9 /* searchDishes_iPhone.storyboard */; };
		0FE5E9481EF9FDEA00E09EC9 /* DishesCollectionViewController.m in Sources */ = {isa = PBXBuildFile; fileRef = 0FE5E9471EF9FDEA00E09EC9 /* DishesCollectionViewController.m */; };
		0FE5E9491EF9FDEA00E09EC9 /* DishesCollectionViewController.m in Sources */ = {isa = PBXBuildFile; fileRef = 0FE5E9471EF9FDEA00E09EC9 /* DishesCollectionViewController.m */; };
		0FE5E94A1EF9FDEA00E09EC9 /* DishesCollectionViewController.m in Sources */ = {isa = PBXBuildFile; fileRef = 0FE5E9471EF9FDEA00E09EC9 /* DishesCollectionViewController.m */; };
		0FE5E94E1EFA008C00E09EC9 /* DishCollectionViewCell.m in Sources */ = {isa = PBXBuildFile; fileRef = 0FE5E94C1EFA008C00E09EC9 /* DishCollectionViewCell.m */; };
		0FE5E94F1EFA008C00E09EC9 /* DishCollectionViewCell.m in Sources */ = {isa = PBXBuildFile; fileRef = 0FE5E94C1EFA008C00E09EC9 /* DishCollectionViewCell.m */; };
		0FE5E9501EFA008C00E09EC9 /* DishCollectionViewCell.m in Sources */ = {isa = PBXBuildFile; fileRef = 0FE5E94C1EFA008C00E09EC9 /* DishCollectionViewCell.m */; };
		0FE5E9511EFA008C00E09EC9 /* DishCollectionViewCell.xib in Resources */ = {isa = PBXBuildFile; fileRef = 0FE5E94D1EFA008C00E09EC9 /* DishCollectionViewCell.xib */; };
		0FE5E9521EFA008C00E09EC9 /* DishCollectionViewCell.xib in Resources */ = {isa = PBXBuildFile; fileRef = 0FE5E94D1EFA008C00E09EC9 /* DishCollectionViewCell.xib */; };
		0FE5E9531EFA008C00E09EC9 /* DishCollectionViewCell.xib in Resources */ = {isa = PBXBuildFile; fileRef = 0FE5E94D1EFA008C00E09EC9 /* DishCollectionViewCell.xib */; };
		0FE5E9561EFA154300E09EC9 /* dishes.json in Resources */ = {isa = PBXBuildFile; fileRef = 0FE5E9541EFA154300E09EC9 /* dishes.json */; };
		0FE5E9571EFA154300E09EC9 /* dishes.json in Resources */ = {isa = PBXBuildFile; fileRef = 0FE5E9541EFA154300E09EC9 /* dishes.json */; };
		0FE5E9581EFA154300E09EC9 /* dishes.json in Resources */ = {isa = PBXBuildFile; fileRef = 0FE5E9541EFA154300E09EC9 /* dishes.json */; };
		0FE5E9591EFA154300E09EC9 /* reviews.json in Resources */ = {isa = PBXBuildFile; fileRef = 0FE5E9551EFA154300E09EC9 /* reviews.json */; };
		0FE5E95A1EFA154300E09EC9 /* reviews.json in Resources */ = {isa = PBXBuildFile; fileRef = 0FE5E9551EFA154300E09EC9 /* reviews.json */; };
		0FE5E95B1EFA154300E09EC9 /* reviews.json in Resources */ = {isa = PBXBuildFile; fileRef = 0FE5E9551EFA154300E09EC9 /* reviews.json */; };
		0FE5E9991EFA1FC600E09EC9 /* Dish.m in Sources */ = {isa = PBXBuildFile; fileRef = 0FE5E9981EFA1FC600E09EC9 /* Dish.m */; };
		0FE5E99A1EFA1FC600E09EC9 /* Dish.m in Sources */ = {isa = PBXBuildFile; fileRef = 0FE5E9981EFA1FC600E09EC9 /* Dish.m */; };
		0FE5E99B1EFA1FC600E09EC9 /* Dish.m in Sources */ = {isa = PBXBuildFile; fileRef = 0FE5E9981EFA1FC600E09EC9 /* Dish.m */; };
		0FE5E9A61EFB139D00E09EC9 /* Restaurant.m in Sources */ = {isa = PBXBuildFile; fileRef = 0FE5E9A51EFB139D00E09EC9 /* Restaurant.m */; };
		0FE5E9A71EFB139D00E09EC9 /* Restaurant.m in Sources */ = {isa = PBXBuildFile; fileRef = 0FE5E9A51EFB139D00E09EC9 /* Restaurant.m */; };
		0FE5E9A81EFB139D00E09EC9 /* Restaurant.m in Sources */ = {isa = PBXBuildFile; fileRef = 0FE5E9A51EFB139D00E09EC9 /* Restaurant.m */; };
		0FE5E9AB1EFB13F800E09EC9 /* DishReview.m in Sources */ = {isa = PBXBuildFile; fileRef = 0FE5E9AA1EFB13F800E09EC9 /* DishReview.m */; };
		0FE5E9AC1EFB13F800E09EC9 /* DishReview.m in Sources */ = {isa = PBXBuildFile; fileRef = 0FE5E9AA1EFB13F800E09EC9 /* DishReview.m */; };
		0FE5E9AD1EFB13F800E09EC9 /* DishReview.m in Sources */ = {isa = PBXBuildFile; fileRef = 0FE5E9AA1EFB13F800E09EC9 /* DishReview.m */; };
		0FE5E9B01EFB26AF00E09EC9 /* Review.m in Sources */ = {isa = PBXBuildFile; fileRef = 0FE5E9AF1EFB26AF00E09EC9 /* Review.m */; };
		0FE5E9B11EFB26AF00E09EC9 /* Review.m in Sources */ = {isa = PBXBuildFile; fileRef = 0FE5E9AF1EFB26AF00E09EC9 /* Review.m */; };
		0FE5E9B21EFB26AF00E09EC9 /* Review.m in Sources */ = {isa = PBXBuildFile; fileRef = 0FE5E9AF1EFB26AF00E09EC9 /* Review.m */; };
		0FE5E9B51EFB278B00E09EC9 /* ReviewUser.m in Sources */ = {isa = PBXBuildFile; fileRef = 0FE5E9B41EFB278B00E09EC9 /* ReviewUser.m */; };
		0FE5E9B61EFB278B00E09EC9 /* ReviewUser.m in Sources */ = {isa = PBXBuildFile; fileRef = 0FE5E9B41EFB278B00E09EC9 /* ReviewUser.m */; };
		0FE5E9B71EFB278B00E09EC9 /* ReviewUser.m in Sources */ = {isa = PBXBuildFile; fileRef = 0FE5E9B41EFB278B00E09EC9 /* ReviewUser.m */; };
		0FE5E9BC1EFE96E700E09EC9 /* SearchCollectionViewCell.m in Sources */ = {isa = PBXBuildFile; fileRef = 0FE5E9BA1EFE96E700E09EC9 /* SearchCollectionViewCell.m */; };
		0FE5E9BD1EFE96E700E09EC9 /* SearchCollectionViewCell.m in Sources */ = {isa = PBXBuildFile; fileRef = 0FE5E9BA1EFE96E700E09EC9 /* SearchCollectionViewCell.m */; };
		0FE5E9BE1EFE96E700E09EC9 /* SearchCollectionViewCell.m in Sources */ = {isa = PBXBuildFile; fileRef = 0FE5E9BA1EFE96E700E09EC9 /* SearchCollectionViewCell.m */; };
		0FE5E9BF1EFE96E700E09EC9 /* SearchCollectionViewCell.xib in Resources */ = {isa = PBXBuildFile; fileRef = 0FE5E9BB1EFE96E700E09EC9 /* SearchCollectionViewCell.xib */; };
		0FE5E9C01EFE96E700E09EC9 /* SearchCollectionViewCell.xib in Resources */ = {isa = PBXBuildFile; fileRef = 0FE5E9BB1EFE96E700E09EC9 /* SearchCollectionViewCell.xib */; };
		0FE5E9C11EFE96E700E09EC9 /* SearchCollectionViewCell.xib in Resources */ = {isa = PBXBuildFile; fileRef = 0FE5E9BB1EFE96E700E09EC9 /* SearchCollectionViewCell.xib */; };
		0FE5E9C41F03353F00E09EC9 /* DishCollectionViewController.m in Sources */ = {isa = PBXBuildFile; fileRef = 0FE5E9C31F03353F00E09EC9 /* DishCollectionViewController.m */; };
		0FE5E9C51F03353F00E09EC9 /* DishCollectionViewController.m in Sources */ = {isa = PBXBuildFile; fileRef = 0FE5E9C31F03353F00E09EC9 /* DishCollectionViewController.m */; };
		0FE5E9C61F03353F00E09EC9 /* DishCollectionViewController.m in Sources */ = {isa = PBXBuildFile; fileRef = 0FE5E9C31F03353F00E09EC9 /* DishCollectionViewController.m */; };
		0FE5E9C81F03357C00E09EC9 /* Dish_iPhone.storyboard in Resources */ = {isa = PBXBuildFile; fileRef = 0FE5E9C71F03357C00E09EC9 /* Dish_iPhone.storyboard */; };
		0FE5E9C91F03357C00E09EC9 /* Dish_iPhone.storyboard in Resources */ = {isa = PBXBuildFile; fileRef = 0FE5E9C71F03357C00E09EC9 /* Dish_iPhone.storyboard */; };
		0FE5E9CA1F03357C00E09EC9 /* Dish_iPhone.storyboard in Resources */ = {isa = PBXBuildFile; fileRef = 0FE5E9C71F03357C00E09EC9 /* Dish_iPhone.storyboard */; };
		0FE5E9D61F04966C00E09EC9 /* ReviewCollectionViewCell.m in Sources */ = {isa = PBXBuildFile; fileRef = 0FE5E9D41F04966C00E09EC9 /* ReviewCollectionViewCell.m */; };
		0FE5E9D71F04966C00E09EC9 /* ReviewCollectionViewCell.m in Sources */ = {isa = PBXBuildFile; fileRef = 0FE5E9D41F04966C00E09EC9 /* ReviewCollectionViewCell.m */; };
		0FE5E9D81F04966C00E09EC9 /* ReviewCollectionViewCell.m in Sources */ = {isa = PBXBuildFile; fileRef = 0FE5E9D41F04966C00E09EC9 /* ReviewCollectionViewCell.m */; };
		0FE5E9D91F04966C00E09EC9 /* ReviewCollectionViewCell.xib in Resources */ = {isa = PBXBuildFile; fileRef = 0FE5E9D51F04966C00E09EC9 /* ReviewCollectionViewCell.xib */; };
		0FE5E9DA1F04966C00E09EC9 /* ReviewCollectionViewCell.xib in Resources */ = {isa = PBXBuildFile; fileRef = 0FE5E9D51F04966C00E09EC9 /* ReviewCollectionViewCell.xib */; };
		0FE5E9DB1F04966C00E09EC9 /* ReviewCollectionViewCell.xib in Resources */ = {isa = PBXBuildFile; fileRef = 0FE5E9D51F04966C00E09EC9 /* ReviewCollectionViewCell.xib */; };
		1663DBAB300E11BE23A7FF07 /* libPods-GooDishTests.a in Frameworks */ = {isa = PBXBuildFile; fileRef = A4EA98BF2AD8C40828B84044 /* libPods-GooDishTests.a */; };
		3BBE55BEF35AD8E746689D70 /* libPods-GooDish.a in Frameworks */ = {isa = PBXBuildFile; fileRef = 14D4DCAFEB79A27D5FB81FDB /* libPods-GooDish.a */; };
		D084EC8FC945CAB66120B868 /* libPods-GooDishUITests.a in Frameworks */ = {isa = PBXBuildFile; fileRef = 5F892DEE3607259D38EFC160 /* libPods-GooDishUITests.a */; };
/* End PBXBuildFile section */

/* Begin PBXContainerItemProxy section */
		0FE5E9251EF9FB7500E09EC9 /* PBXContainerItemProxy */ = {
			isa = PBXContainerItemProxy;
			containerPortal = 0FE5E9031EF9FB7500E09EC9 /* Project object */;
			proxyType = 1;
			remoteGlobalIDString = 0FE5E90A1EF9FB7500E09EC9;
			remoteInfo = GooDish;
		};
		0FE5E9301EF9FB7500E09EC9 /* PBXContainerItemProxy */ = {
			isa = PBXContainerItemProxy;
			containerPortal = 0FE5E9031EF9FB7500E09EC9 /* Project object */;
			proxyType = 1;
			remoteGlobalIDString = 0FE5E90A1EF9FB7500E09EC9;
			remoteInfo = GooDish;
		};
/* End PBXContainerItemProxy section */

/* Begin PBXCopyFilesBuildPhase section */
		0FE5E9961EFA1ADC00E09EC9 /* Embed Frameworks */ = {
			isa = PBXCopyFilesBuildPhase;
			buildActionMask = 2147483647;
			dstPath = "";
			dstSubfolderSpec = 10;
			files = (
			);
			name = "Embed Frameworks";
			runOnlyForDeploymentPostprocessing = 0;
		};
/* End PBXCopyFilesBuildPhase section */

/* Begin PBXFileReference section */
		0F4373CE1F0F182B00632C5E /* ProfileCollectionViewController.h */ = {isa = PBXFileReference; fileEncoding = 4; lastKnownFileType = sourcecode.c.h; path = ProfileCollectionViewController.h; sourceTree = "<group>"; };
		0F4373CF1F0F182B00632C5E /* ProfileCollectionViewController.m */ = {isa = PBXFileReference; fileEncoding = 4; lastKnownFileType = sourcecode.c.objc; path = ProfileCollectionViewController.m; sourceTree = "<group>"; };
		0F4373D31F0F185600632C5E /* Profile_iPhone.storyboard */ = {isa = PBXFileReference; fileEncoding = 4; lastKnownFileType = file.storyboard; path = Profile_iPhone.storyboard; sourceTree = "<group>"; };
		0FE5E90B1EF9FB7500E09EC9 /* GooDish.app */ = {isa = PBXFileReference; explicitFileType = wrapper.application; includeInIndex = 0; path = GooDish.app; sourceTree = BUILT_PRODUCTS_DIR; };
		0FE5E90F1EF9FB7500E09EC9 /* main.m */ = {isa = PBXFileReference; lastKnownFileType = sourcecode.c.objc; path = main.m; sourceTree = "<group>"; };
		0FE5E9111EF9FB7500E09EC9 /* AppDelegate.h */ = {isa = PBXFileReference; lastKnownFileType = sourcecode.c.h; path = AppDelegate.h; sourceTree = "<group>"; };
		0FE5E9121EF9FB7500E09EC9 /* AppDelegate.m */ = {isa = PBXFileReference; lastKnownFileType = sourcecode.c.objc; path = AppDelegate.m; sourceTree = "<group>"; };
		0FE5E9141EF9FB7500E09EC9 /* ViewController.h */ = {isa = PBXFileReference; lastKnownFileType = sourcecode.c.h; path = ViewController.h; sourceTree = "<group>"; };
		0FE5E9151EF9FB7500E09EC9 /* ViewController.m */ = {isa = PBXFileReference; lastKnownFileType = sourcecode.c.objc; path = ViewController.m; sourceTree = "<group>"; };
		0FE5E9181EF9FB7500E09EC9 /* Base */ = {isa = PBXFileReference; lastKnownFileType = file.storyboard; name = Base; path = Base.lproj/Main.storyboard; sourceTree = "<group>"; };
		0FE5E91A1EF9FB7500E09EC9 /* Assets.xcassets */ = {isa = PBXFileReference; lastKnownFileType = folder.assetcatalog; path = Assets.xcassets; sourceTree = "<group>"; };
		0FE5E91D1EF9FB7500E09EC9 /* Base */ = {isa = PBXFileReference; lastKnownFileType = file.storyboard; name = Base; path = Base.lproj/LaunchScreen.storyboard; sourceTree = "<group>"; };
		0FE5E91F1EF9FB7500E09EC9 /* Info.plist */ = {isa = PBXFileReference; lastKnownFileType = text.plist.xml; path = Info.plist; sourceTree = "<group>"; };
		0FE5E9241EF9FB7500E09EC9 /* GooDishTests.xctest */ = {isa = PBXFileReference; explicitFileType = wrapper.cfbundle; includeInIndex = 0; path = GooDishTests.xctest; sourceTree = BUILT_PRODUCTS_DIR; };
		0FE5E9281EF9FB7500E09EC9 /* GooDishTests.m */ = {isa = PBXFileReference; lastKnownFileType = sourcecode.c.objc; path = GooDishTests.m; sourceTree = "<group>"; };
		0FE5E92A1EF9FB7500E09EC9 /* Info.plist */ = {isa = PBXFileReference; lastKnownFileType = text.plist.xml; path = Info.plist; sourceTree = "<group>"; };
		0FE5E92F1EF9FB7500E09EC9 /* GooDishUITests.xctest */ = {isa = PBXFileReference; explicitFileType = wrapper.cfbundle; includeInIndex = 0; path = GooDishUITests.xctest; sourceTree = BUILT_PRODUCTS_DIR; };
		0FE5E9331EF9FB7500E09EC9 /* GooDishUITests.m */ = {isa = PBXFileReference; lastKnownFileType = sourcecode.c.objc; path = GooDishUITests.m; sourceTree = "<group>"; };
		0FE5E9351EF9FB7500E09EC9 /* Info.plist */ = {isa = PBXFileReference; lastKnownFileType = text.plist.xml; path = Info.plist; sourceTree = "<group>"; };
		0FE5E9421EF9FDBD00E09EC9 /* searchDishes_iPhone.storyboard */ = {isa = PBXFileReference; fileEncoding = 4; lastKnownFileType = file.storyboard; path = searchDishes_iPhone.storyboard; sourceTree = "<group>"; };
		0FE5E9461EF9FDEA00E09EC9 /* DishesCollectionViewController.h */ = {isa = PBXFileReference; fileEncoding = 4; lastKnownFileType = sourcecode.c.h; path = DishesCollectionViewController.h; sourceTree = "<group>"; };
		0FE5E9471EF9FDEA00E09EC9 /* DishesCollectionViewController.m */ = {isa = PBXFileReference; fileEncoding = 4; lastKnownFileType = sourcecode.c.objc; path = DishesCollectionViewController.m; sourceTree = "<group>"; };
		0FE5E94B1EFA008C00E09EC9 /* DishCollectionViewCell.h */ = {isa = PBXFileReference; fileEncoding = 4; lastKnownFileType = sourcecode.c.h; path = DishCollectionViewCell.h; sourceTree = "<group>"; };
		0FE5E94C1EFA008C00E09EC9 /* DishCollectionViewCell.m */ = {isa = PBXFileReference; fileEncoding = 4; lastKnownFileType = sourcecode.c.objc; path = DishCollectionViewCell.m; sourceTree = "<group>"; };
		0FE5E94D1EFA008C00E09EC9 /* DishCollectionViewCell.xib */ = {isa = PBXFileReference; fileEncoding = 4; lastKnownFileType = file.xib; path = DishCollectionViewCell.xib; sourceTree = "<group>"; };
		0FE5E9541EFA154300E09EC9 /* dishes.json */ = {isa = PBXFileReference; fileEncoding = 4; lastKnownFileType = text.json; name = dishes.json; path = ../../../../Desktop/dishes.json; sourceTree = "<group>"; };
		0FE5E9551EFA154300E09EC9 /* reviews.json */ = {isa = PBXFileReference; fileEncoding = 4; lastKnownFileType = text.json; name = reviews.json; path = ../../../../Desktop/reviews.json; sourceTree = "<group>"; };
		0FE5E9971EFA1FC600E09EC9 /* Dish.h */ = {isa = PBXFileReference; fileEncoding = 4; lastKnownFileType = sourcecode.c.h; path = Dish.h; sourceTree = "<group>"; };
		0FE5E9981EFA1FC600E09EC9 /* Dish.m */ = {isa = PBXFileReference; fileEncoding = 4; lastKnownFileType = sourcecode.c.objc; path = Dish.m; sourceTree = "<group>"; };
		0FE5E9A41EFB139D00E09EC9 /* Restaurant.h */ = {isa = PBXFileReference; fileEncoding = 4; lastKnownFileType = sourcecode.c.h; path = Restaurant.h; sourceTree = "<group>"; };
		0FE5E9A51EFB139D00E09EC9 /* Restaurant.m */ = {isa = PBXFileReference; fileEncoding = 4; lastKnownFileType = sourcecode.c.objc; path = Restaurant.m; sourceTree = "<group>"; };
		0FE5E9A91EFB13F800E09EC9 /* DishReview.h */ = {isa = PBXFileReference; fileEncoding = 4; lastKnownFileType = sourcecode.c.h; path = DishReview.h; sourceTree = "<group>"; };
		0FE5E9AA1EFB13F800E09EC9 /* DishReview.m */ = {isa = PBXFileReference; fileEncoding = 4; lastKnownFileType = sourcecode.c.objc; path = DishReview.m; sourceTree = "<group>"; };
		0FE5E9AE1EFB26AF00E09EC9 /* Review.h */ = {isa = PBXFileReference; fileEncoding = 4; lastKnownFileType = sourcecode.c.h; path = Review.h; sourceTree = "<group>"; };
		0FE5E9AF1EFB26AF00E09EC9 /* Review.m */ = {isa = PBXFileReference; fileEncoding = 4; lastKnownFileType = sourcecode.c.objc; path = Review.m; sourceTree = "<group>"; };
		0FE5E9B31EFB278B00E09EC9 /* ReviewUser.h */ = {isa = PBXFileReference; fileEncoding = 4; lastKnownFileType = sourcecode.c.h; path = ReviewUser.h; sourceTree = "<group>"; };
		0FE5E9B41EFB278B00E09EC9 /* ReviewUser.m */ = {isa = PBXFileReference; fileEncoding = 4; lastKnownFileType = sourcecode.c.objc; path = ReviewUser.m; sourceTree = "<group>"; };
		0FE5E9B91EFE96E700E09EC9 /* SearchCollectionViewCell.h */ = {isa = PBXFileReference; fileEncoding = 4; lastKnownFileType = sourcecode.c.h; path = SearchCollectionViewCell.h; sourceTree = "<group>"; };
		0FE5E9BA1EFE96E700E09EC9 /* SearchCollectionViewCell.m */ = {isa = PBXFileReference; fileEncoding = 4; lastKnownFileType = sourcecode.c.objc; path = SearchCollectionViewCell.m; sourceTree = "<group>"; };
		0FE5E9BB1EFE96E700E09EC9 /* SearchCollectionViewCell.xib */ = {isa = PBXFileReference; fileEncoding = 4; lastKnownFileType = file.xib; path = SearchCollectionViewCell.xib; sourceTree = "<group>"; };
		0FE5E9C21F03353F00E09EC9 /* DishCollectionViewController.h */ = {isa = PBXFileReference; fileEncoding = 4; lastKnownFileType = sourcecode.c.h; path = DishCollectionViewController.h; sourceTree = "<group>"; };
		0FE5E9C31F03353F00E09EC9 /* DishCollectionViewController.m */ = {isa = PBXFileReference; fileEncoding = 4; lastKnownFileType = sourcecode.c.objc; path = DishCollectionViewController.m; sourceTree = "<group>"; };
		0FE5E9C71F03357C00E09EC9 /* Dish_iPhone.storyboard */ = {isa = PBXFileReference; fileEncoding = 4; lastKnownFileType = file.storyboard; path = Dish_iPhone.storyboard; sourceTree = "<group>"; };
		0FE5E9D31F04966C00E09EC9 /* ReviewCollectionViewCell.h */ = {isa = PBXFileReference; fileEncoding = 4; lastKnownFileType = sourcecode.c.h; path = ReviewCollectionViewCell.h; sourceTree = "<group>"; };
		0FE5E9D41F04966C00E09EC9 /* ReviewCollectionViewCell.m */ = {isa = PBXFileReference; fileEncoding = 4; lastKnownFileType = sourcecode.c.objc; path = ReviewCollectionViewCell.m; sourceTree = "<group>"; };
		0FE5E9D51F04966C00E09EC9 /* ReviewCollectionViewCell.xib */ = {isa = PBXFileReference; fileEncoding = 4; lastKnownFileType = file.xib; path = ReviewCollectionViewCell.xib; sourceTree = "<group>"; };
		14D4DCAFEB79A27D5FB81FDB /* libPods-GooDish.a */ = {isa = PBXFileReference; explicitFileType = archive.ar; includeInIndex = 0; path = "libPods-GooDish.a"; sourceTree = BUILT_PRODUCTS_DIR; };
		5202DD066EEB408B0DDEEF3A /* Pods-GooDishTests.debug.xcconfig */ = {isa = PBXFileReference; includeInIndex = 1; lastKnownFileType = text.xcconfig; name = "Pods-GooDishTests.debug.xcconfig"; path = "Pods/Target Support Files/Pods-GooDishTests/Pods-GooDishTests.debug.xcconfig"; sourceTree = "<group>"; };
		5F892DEE3607259D38EFC160 /* libPods-GooDishUITests.a */ = {isa = PBXFileReference; explicitFileType = archive.ar; includeInIndex = 0; path = "libPods-GooDishUITests.a"; sourceTree = BUILT_PRODUCTS_DIR; };
		7C73C4AA4D4A5398DCABF6BA /* Pods-GooDish.debug.xcconfig */ = {isa = PBXFileReference; includeInIndex = 1; lastKnownFileType = text.xcconfig; name = "Pods-GooDish.debug.xcconfig"; path = "Pods/Target Support Files/Pods-GooDish/Pods-GooDish.debug.xcconfig"; sourceTree = "<group>"; };
		857180AF37DB53877810CE5B /* Pods-GooDishTests.release.xcconfig */ = {isa = PBXFileReference; includeInIndex = 1; lastKnownFileType = text.xcconfig; name = "Pods-GooDishTests.release.xcconfig"; path = "Pods/Target Support Files/Pods-GooDishTests/Pods-GooDishTests.release.xcconfig"; sourceTree = "<group>"; };
		A4EA98BF2AD8C40828B84044 /* libPods-GooDishTests.a */ = {isa = PBXFileReference; explicitFileType = archive.ar; includeInIndex = 0; path = "libPods-GooDishTests.a"; sourceTree = BUILT_PRODUCTS_DIR; };
		C89D015BC7A7743AFDF2D376 /* Pods-GooDishUITests.release.xcconfig */ = {isa = PBXFileReference; includeInIndex = 1; lastKnownFileType = text.xcconfig; name = "Pods-GooDishUITests.release.xcconfig"; path = "Pods/Target Support Files/Pods-GooDishUITests/Pods-GooDishUITests.release.xcconfig"; sourceTree = "<group>"; };
		E49D56B3D89495A94B54D011 /* Pods-GooDishUITests.debug.xcconfig */ = {isa = PBXFileReference; includeInIndex = 1; lastKnownFileType = text.xcconfig; name = "Pods-GooDishUITests.debug.xcconfig"; path = "Pods/Target Support Files/Pods-GooDishUITests/Pods-GooDishUITests.debug.xcconfig"; sourceTree = "<group>"; };
		F4B0FD89F00E52701A88224B /* Pods-GooDish.release.xcconfig */ = {isa = PBXFileReference; includeInIndex = 1; lastKnownFileType = text.xcconfig; name = "Pods-GooDish.release.xcconfig"; path = "Pods/Target Support Files/Pods-GooDish/Pods-GooDish.release.xcconfig"; sourceTree = "<group>"; };
/* End PBXFileReference section */

/* Begin PBXFrameworksBuildPhase section */
		0FE5E9081EF9FB7500E09EC9 /* Frameworks */ = {
			isa = PBXFrameworksBuildPhase;
			buildActionMask = 2147483647;
			files = (
				3BBE55BEF35AD8E746689D70 /* libPods-GooDish.a in Frameworks */,
			);
			runOnlyForDeploymentPostprocessing = 0;
		};
		0FE5E9211EF9FB7500E09EC9 /* Frameworks */ = {
			isa = PBXFrameworksBuildPhase;
			buildActionMask = 2147483647;
			files = (
				1663DBAB300E11BE23A7FF07 /* libPods-GooDishTests.a in Frameworks */,
			);
			runOnlyForDeploymentPostprocessing = 0;
		};
		0FE5E92C1EF9FB7500E09EC9 /* Frameworks */ = {
			isa = PBXFrameworksBuildPhase;
			buildActionMask = 2147483647;
			files = (
				D084EC8FC945CAB66120B868 /* libPods-GooDishUITests.a in Frameworks */,
			);
			runOnlyForDeploymentPostprocessing = 0;
		};
/* End PBXFrameworksBuildPhase section */

/* Begin PBXGroup section */
		0FE5E9021EF9FB7500E09EC9 = {
			isa = PBXGroup;
			children = (
				0FE5E90D1EF9FB7500E09EC9 /* GooDish */,
				0FE5E9271EF9FB7500E09EC9 /* GooDishTests */,
				0FE5E9321EF9FB7500E09EC9 /* GooDishUITests */,
				0FE5E90C1EF9FB7500E09EC9 /* Products */,
				75078BEEBDFF35689537163E /* Pods */,
				B23817D2DABED7E269783E63 /* Frameworks */,
			);
			sourceTree = "<group>";
		};
		0FE5E90C1EF9FB7500E09EC9 /* Products */ = {
			isa = PBXGroup;
			children = (
				0FE5E90B1EF9FB7500E09EC9 /* GooDish.app */,
				0FE5E9241EF9FB7500E09EC9 /* GooDishTests.xctest */,
				0FE5E92F1EF9FB7500E09EC9 /* GooDishUITests.xctest */,
			);
			name = Products;
			sourceTree = "<group>";
		};
		0FE5E90D1EF9FB7500E09EC9 /* GooDish */ = {
			isa = PBXGroup;
			children = (
				0FE5E9411EF9FD6400E09EC9 /* searchDishes */,
				0FE5E9111EF9FB7500E09EC9 /* AppDelegate.h */,
				0FE5E9121EF9FB7500E09EC9 /* AppDelegate.m */,
				0FE5E9141EF9FB7500E09EC9 /* ViewController.h */,
				0FE5E9151EF9FB7500E09EC9 /* ViewController.m */,
				0FE5E9171EF9FB7500E09EC9 /* Main.storyboard */,
				0FE5E91A1EF9FB7500E09EC9 /* Assets.xcassets */,
				0FE5E91C1EF9FB7500E09EC9 /* LaunchScreen.storyboard */,
				0FE5E91F1EF9FB7500E09EC9 /* Info.plist */,
				0FE5E90E1EF9FB7500E09EC9 /* Supporting Files */,
			);
			path = GooDish;
			sourceTree = "<group>";
		};
		0FE5E90E1EF9FB7500E09EC9 /* Supporting Files */ = {
			isa = PBXGroup;
			children = (
				0FE5E90F1EF9FB7500E09EC9 /* main.m */,
			);
			name = "Supporting Files";
			sourceTree = "<group>";
		};
		0FE5E9271EF9FB7500E09EC9 /* GooDishTests */ = {
			isa = PBXGroup;
			children = (
				0FE5E9281EF9FB7500E09EC9 /* GooDishTests.m */,
				0FE5E92A1EF9FB7500E09EC9 /* Info.plist */,
			);
			path = GooDishTests;
			sourceTree = "<group>";
		};
		0FE5E9321EF9FB7500E09EC9 /* GooDishUITests */ = {
			isa = PBXGroup;
			children = (
				0FE5E9331EF9FB7500E09EC9 /* GooDishUITests.m */,
				0FE5E9351EF9FB7500E09EC9 /* Info.plist */,
			);
			path = GooDishUITests;
			sourceTree = "<group>";
		};
		0FE5E9411EF9FD6400E09EC9 /* searchDishes */ = {
			isa = PBXGroup;
			children = (
				0FE5E9D21F04961200E09EC9 /* View Controllers */,
				0FE5E9D11F0495F200E09EC9 /* Views */,
				0FE5E9D01F0495D600E09EC9 /* Storyboard */,
				0FE5E95C1EFA188200E09EC9 /* Models */,
			);
			name = searchDishes;
			sourceTree = "<group>";
		};
		0FE5E95C1EFA188200E09EC9 /* Models */ = {
			isa = PBXGroup;
			children = (
				0FE5E9541EFA154300E09EC9 /* dishes.json */,
				0FE5E9551EFA154300E09EC9 /* reviews.json */,
				0FE5E9971EFA1FC600E09EC9 /* Dish.h */,
				0FE5E9981EFA1FC600E09EC9 /* Dish.m */,
				0FE5E9A41EFB139D00E09EC9 /* Restaurant.h */,
				0FE5E9A51EFB139D00E09EC9 /* Restaurant.m */,
				0FE5E9A91EFB13F800E09EC9 /* DishReview.h */,
				0FE5E9AA1EFB13F800E09EC9 /* DishReview.m */,
				0FE5E9AE1EFB26AF00E09EC9 /* Review.h */,
				0FE5E9AF1EFB26AF00E09EC9 /* Review.m */,
				0FE5E9B31EFB278B00E09EC9 /* ReviewUser.h */,
				0FE5E9B41EFB278B00E09EC9 /* ReviewUser.m */,
			);
			name = Models;
			sourceTree = "<group>";
		};
		0FE5E9D01F0495D600E09EC9 /* Storyboard */ = {
			isa = PBXGroup;
			children = (
				0FE5E9421EF9FDBD00E09EC9 /* searchDishes_iPhone.storyboard */,
				0FE5E9C71F03357C00E09EC9 /* Dish_iPhone.storyboard */,
				0F4373D31F0F185600632C5E /* Profile_iPhone.storyboard */,
			);
			name = Storyboard;
			sourceTree = "<group>";
		};
		0FE5E9D11F0495F200E09EC9 /* Views */ = {
			isa = PBXGroup;
			children = (
				0FE5E94B1EFA008C00E09EC9 /* DishCollectionViewCell.h */,
				0FE5E94C1EFA008C00E09EC9 /* DishCollectionViewCell.m */,
				0FE5E94D1EFA008C00E09EC9 /* DishCollectionViewCell.xib */,
				0FE5E9B91EFE96E700E09EC9 /* SearchCollectionViewCell.h */,
				0FE5E9BA1EFE96E700E09EC9 /* SearchCollectionViewCell.m */,
				0FE5E9BB1EFE96E700E09EC9 /* SearchCollectionViewCell.xib */,
				0FE5E9D31F04966C00E09EC9 /* ReviewCollectionViewCell.h */,
				0FE5E9D41F04966C00E09EC9 /* ReviewCollectionViewCell.m */,
				0FE5E9D51F04966C00E09EC9 /* ReviewCollectionViewCell.xib */,
			);
			name = Views;
			sourceTree = "<group>";
		};
		0FE5E9D21F04961200E09EC9 /* View Controllers */ = {
			isa = PBXGroup;
			children = (
				0FE5E9461EF9FDEA00E09EC9 /* DishesCollectionViewController.h */,
				0FE5E9471EF9FDEA00E09EC9 /* DishesCollectionViewController.m */,
				0FE5E9C21F03353F00E09EC9 /* DishCollectionViewController.h */,
				0FE5E9C31F03353F00E09EC9 /* DishCollectionViewController.m */,
				0F4373CE1F0F182B00632C5E /* ProfileCollectionViewController.h */,
				0F4373CF1F0F182B00632C5E /* ProfileCollectionViewController.m */,
			);
			name = "View Controllers";
			sourceTree = "<group>";
		};
		75078BEEBDFF35689537163E /* Pods */ = {
			isa = PBXGroup;
			children = (
				7C73C4AA4D4A5398DCABF6BA /* Pods-GooDish.debug.xcconfig */,
				F4B0FD89F00E52701A88224B /* Pods-GooDish.release.xcconfig */,
				5202DD066EEB408B0DDEEF3A /* Pods-GooDishTests.debug.xcconfig */,
				857180AF37DB53877810CE5B /* Pods-GooDishTests.release.xcconfig */,
				E49D56B3D89495A94B54D011 /* Pods-GooDishUITests.debug.xcconfig */,
				C89D015BC7A7743AFDF2D376 /* Pods-GooDishUITests.release.xcconfig */,
			);
			name = Pods;
			sourceTree = "<group>";
		};
		B23817D2DABED7E269783E63 /* Frameworks */ = {
			isa = PBXGroup;
			children = (
				14D4DCAFEB79A27D5FB81FDB /* libPods-GooDish.a */,
				A4EA98BF2AD8C40828B84044 /* libPods-GooDishTests.a */,
				5F892DEE3607259D38EFC160 /* libPods-GooDishUITests.a */,
			);
			name = Frameworks;
			sourceTree = "<group>";
		};
/* End PBXGroup section */

/* Begin PBXNativeTarget section */
		0FE5E90A1EF9FB7500E09EC9 /* GooDish */ = {
			isa = PBXNativeTarget;
			buildConfigurationList = 0FE5E9381EF9FB7500E09EC9 /* Build configuration list for PBXNativeTarget "GooDish" */;
			buildPhases = (
				08076E765F09898C3FC45565 /* [CP] Check Pods Manifest.lock */,
				0FE5E9071EF9FB7500E09EC9 /* Sources */,
				0FE5E9081EF9FB7500E09EC9 /* Frameworks */,
				0FE5E9091EF9FB7500E09EC9 /* Resources */,
				0FE5E9961EFA1ADC00E09EC9 /* Embed Frameworks */,
				650B229B3AB197DC80C637B5 /* [CP] Embed Pods Frameworks */,
				EE2A23A6342FD2F31FF64F81 /* [CP] Copy Pods Resources */,
			);
			buildRules = (
			);
			dependencies = (
			);
			name = GooDish;
			productName = GooDish;
			productReference = 0FE5E90B1EF9FB7500E09EC9 /* GooDish.app */;
			productType = "com.apple.product-type.application";
		};
		0FE5E9231EF9FB7500E09EC9 /* GooDishTests */ = {
			isa = PBXNativeTarget;
			buildConfigurationList = 0FE5E93B1EF9FB7500E09EC9 /* Build configuration list for PBXNativeTarget "GooDishTests" */;
			buildPhases = (
				3A5D3516F1196DC821123AB9 /* [CP] Check Pods Manifest.lock */,
				0FE5E9201EF9FB7500E09EC9 /* Sources */,
				0FE5E9211EF9FB7500E09EC9 /* Frameworks */,
				0FE5E9221EF9FB7500E09EC9 /* Resources */,
				70FEAACD0B9F6D34DC8DC948 /* [CP] Embed Pods Frameworks */,
				239EF69432C16FED2A6C9B3D /* [CP] Copy Pods Resources */,
			);
			buildRules = (
			);
			dependencies = (
				0FE5E9261EF9FB7500E09EC9 /* PBXTargetDependency */,
			);
			name = GooDishTests;
			productName = GooDishTests;
			productReference = 0FE5E9241EF9FB7500E09EC9 /* GooDishTests.xctest */;
			productType = "com.apple.product-type.bundle.unit-test";
		};
		0FE5E92E1EF9FB7500E09EC9 /* GooDishUITests */ = {
			isa = PBXNativeTarget;
			buildConfigurationList = 0FE5E93E1EF9FB7500E09EC9 /* Build configuration list for PBXNativeTarget "GooDishUITests" */;
			buildPhases = (
				5FD7EBBAC979AC607F76BB69 /* [CP] Check Pods Manifest.lock */,
				0FE5E92B1EF9FB7500E09EC9 /* Sources */,
				0FE5E92C1EF9FB7500E09EC9 /* Frameworks */,
				0FE5E92D1EF9FB7500E09EC9 /* Resources */,
				AE4B61371D83F129D46377A4 /* [CP] Embed Pods Frameworks */,
				C940A2D3D50A2930A67515D9 /* [CP] Copy Pods Resources */,
			);
			buildRules = (
			);
			dependencies = (
				0FE5E9311EF9FB7500E09EC9 /* PBXTargetDependency */,
			);
			name = GooDishUITests;
			productName = GooDishUITests;
			productReference = 0FE5E92F1EF9FB7500E09EC9 /* GooDishUITests.xctest */;
			productType = "com.apple.product-type.bundle.ui-testing";
		};
/* End PBXNativeTarget section */

/* Begin PBXProject section */
		0FE5E9031EF9FB7500E09EC9 /* Project object */ = {
			isa = PBXProject;
			attributes = {
				LastUpgradeCheck = 0830;
				ORGANIZATIONNAME = "Yas Abdolmaleki";
				TargetAttributes = {
					0FE5E90A1EF9FB7500E09EC9 = {
						CreatedOnToolsVersion = 8.3.3;
						ProvisioningStyle = Automatic;
					};
					0FE5E9231EF9FB7500E09EC9 = {
						CreatedOnToolsVersion = 8.3.3;
						ProvisioningStyle = Automatic;
						TestTargetID = 0FE5E90A1EF9FB7500E09EC9;
					};
					0FE5E92E1EF9FB7500E09EC9 = {
						CreatedOnToolsVersion = 8.3.3;
						ProvisioningStyle = Automatic;
						TestTargetID = 0FE5E90A1EF9FB7500E09EC9;
					};
				};
			};
			buildConfigurationList = 0FE5E9061EF9FB7500E09EC9 /* Build configuration list for PBXProject "GooDish" */;
			compatibilityVersion = "Xcode 3.2";
			developmentRegion = English;
			hasScannedForEncodings = 0;
			knownRegions = (
				en,
				Base,
			);
			mainGroup = 0FE5E9021EF9FB7500E09EC9;
			productRefGroup = 0FE5E90C1EF9FB7500E09EC9 /* Products */;
			projectDirPath = "";
			projectRoot = "";
			targets = (
				0FE5E90A1EF9FB7500E09EC9 /* GooDish */,
				0FE5E9231EF9FB7500E09EC9 /* GooDishTests */,
				0FE5E92E1EF9FB7500E09EC9 /* GooDishUITests */,
			);
		};
/* End PBXProject section */

/* Begin PBXResourcesBuildPhase section */
		0FE5E9091EF9FB7500E09EC9 /* Resources */ = {
			isa = PBXResourcesBuildPhase;
			buildActionMask = 2147483647;
			files = (
				0FE5E9C81F03357C00E09EC9 /* Dish_iPhone.storyboard in Resources */,
				0FE5E91E1EF9FB7500E09EC9 /* LaunchScreen.storyboard in Resources */,
				0FE5E9431EF9FDBD00E09EC9 /* searchDishes_iPhone.storyboard in Resources */,
				0FE5E9BF1EFE96E700E09EC9 /* SearchCollectionViewCell.xib in Resources */,
				0FE5E9D91F04966C00E09EC9 /* ReviewCollectionViewCell.xib in Resources */,
				0FE5E91B1EF9FB7500E09EC9 /* Assets.xcassets in Resources */,
				0FE5E9561EFA154300E09EC9 /* dishes.json in Resources */,
				0F4373D41F0F185600632C5E /* Profile_iPhone.storyboard in Resources */,
				0FE5E9191EF9FB7500E09EC9 /* Main.storyboard in Resources */,
				0FE5E9591EFA154300E09EC9 /* reviews.json in Resources */,
				0FE5E9511EFA008C00E09EC9 /* DishCollectionViewCell.xib in Resources */,
			);
			runOnlyForDeploymentPostprocessing = 0;
		};
		0FE5E9221EF9FB7500E09EC9 /* Resources */ = {
			isa = PBXResourcesBuildPhase;
			buildActionMask = 2147483647;
			files = (
				0FE5E9571EFA154300E09EC9 /* dishes.json in Resources */,
				0FE5E95A1EFA154300E09EC9 /* reviews.json in Resources */,
				0FE5E9C01EFE96E700E09EC9 /* SearchCollectionViewCell.xib in Resources */,
				0F4373D51F0F185600632C5E /* Profile_iPhone.storyboard in Resources */,
				0FE5E9DA1F04966C00E09EC9 /* ReviewCollectionViewCell.xib in Resources */,
				0FE5E9C91F03357C00E09EC9 /* Dish_iPhone.storyboard in Resources */,
				0FE5E9521EFA008C00E09EC9 /* DishCollectionViewCell.xib in Resources */,
				0FE5E9441EF9FDBD00E09EC9 /* searchDishes_iPhone.storyboard in Resources */,
			);
			runOnlyForDeploymentPostprocessing = 0;
		};
		0FE5E92D1EF9FB7500E09EC9 /* Resources */ = {
			isa = PBXResourcesBuildPhase;
			buildActionMask = 2147483647;
			files = (
				0FE5E9581EFA154300E09EC9 /* dishes.json in Resources */,
				0FE5E95B1EFA154300E09EC9 /* reviews.json in Resources */,
				0FE5E9C11EFE96E700E09EC9 /* SearchCollectionViewCell.xib in Resources */,
				0F4373D61F0F185600632C5E /* Profile_iPhone.storyboard in Resources */,
				0FE5E9DB1F04966C00E09EC9 /* ReviewCollectionViewCell.xib in Resources */,
				0FE5E9CA1F03357C00E09EC9 /* Dish_iPhone.storyboard in Resources */,
				0FE5E9531EFA008C00E09EC9 /* DishCollectionViewCell.xib in Resources */,
				0FE5E9451EF9FDBD00E09EC9 /* searchDishes_iPhone.storyboard in Resources */,
			);
			runOnlyForDeploymentPostprocessing = 0;
		};
/* End PBXResourcesBuildPhase section */

/* Begin PBXShellScriptBuildPhase section */
		08076E765F09898C3FC45565 /* [CP] Check Pods Manifest.lock */ = {
			isa = PBXShellScriptBuildPhase;
			buildActionMask = 2147483647;
			files = (
			);
			inputPaths = (
			);
			name = "[CP] Check Pods Manifest.lock";
			outputPaths = (
			);
			runOnlyForDeploymentPostprocessing = 0;
			shellPath = /bin/sh;
			shellScript = "diff \"${PODS_PODFILE_DIR_PATH}/Podfile.lock\" \"${PODS_ROOT}/Manifest.lock\" > /dev/null\nif [ $? != 0 ] ; then\n    # print error to STDERR\n    echo \"error: The sandbox is not in sync with the Podfile.lock. Run 'pod install' or update your CocoaPods installation.\" >&2\n    exit 1\nfi\n";
			showEnvVarsInLog = 0;
		};
		239EF69432C16FED2A6C9B3D /* [CP] Copy Pods Resources */ = {
			isa = PBXShellScriptBuildPhase;
			buildActionMask = 2147483647;
			files = (
			);
			inputPaths = (
			);
			name = "[CP] Copy Pods Resources";
			outputPaths = (
			);
			runOnlyForDeploymentPostprocessing = 0;
			shellPath = /bin/sh;
			shellScript = "\"${SRCROOT}/Pods/Target Support Files/Pods-GooDishTests/Pods-GooDishTests-resources.sh\"\n";
			showEnvVarsInLog = 0;
		};
		3A5D3516F1196DC821123AB9 /* [CP] Check Pods Manifest.lock */ = {
			isa = PBXShellScriptBuildPhase;
			buildActionMask = 2147483647;
			files = (
			);
			inputPaths = (
			);
			name = "[CP] Check Pods Manifest.lock";
			outputPaths = (
			);
			runOnlyForDeploymentPostprocessing = 0;
			shellPath = /bin/sh;
			shellScript = "diff \"${PODS_PODFILE_DIR_PATH}/Podfile.lock\" \"${PODS_ROOT}/Manifest.lock\" > /dev/null\nif [ $? != 0 ] ; then\n    # print error to STDERR\n    echo \"error: The sandbox is not in sync with the Podfile.lock. Run 'pod install' or update your CocoaPods installation.\" >&2\n    exit 1\nfi\n";
			showEnvVarsInLog = 0;
		};
		5FD7EBBAC979AC607F76BB69 /* [CP] Check Pods Manifest.lock */ = {
			isa = PBXShellScriptBuildPhase;
			buildActionMask = 2147483647;
			files = (
			);
			inputPaths = (
			);
			name = "[CP] Check Pods Manifest.lock";
			outputPaths = (
			);
			runOnlyForDeploymentPostprocessing = 0;
			shellPath = /bin/sh;
			shellScript = "diff \"${PODS_PODFILE_DIR_PATH}/Podfile.lock\" \"${PODS_ROOT}/Manifest.lock\" > /dev/null\nif [ $? != 0 ] ; then\n    # print error to STDERR\n    echo \"error: The sandbox is not in sync with the Podfile.lock. Run 'pod install' or update your CocoaPods installation.\" >&2\n    exit 1\nfi\n";
			showEnvVarsInLog = 0;
		};
		650B229B3AB197DC80C637B5 /* [CP] Embed Pods Frameworks */ = {
			isa = PBXShellScriptBuildPhase;
			buildActionMask = 2147483647;
			files = (
			);
			inputPaths = (
			);
			name = "[CP] Embed Pods Frameworks";
			outputPaths = (
			);
			runOnlyForDeploymentPostprocessing = 0;
			shellPath = /bin/sh;
			shellScript = "\"${SRCROOT}/Pods/Target Support Files/Pods-GooDish/Pods-GooDish-frameworks.sh\"\n";
			showEnvVarsInLog = 0;
		};
		70FEAACD0B9F6D34DC8DC948 /* [CP] Embed Pods Frameworks */ = {
			isa = PBXShellScriptBuildPhase;
			buildActionMask = 2147483647;
			files = (
			);
			inputPaths = (
			);
			name = "[CP] Embed Pods Frameworks";
			outputPaths = (
			);
			runOnlyForDeploymentPostprocessing = 0;
			shellPath = /bin/sh;
			shellScript = "\"${SRCROOT}/Pods/Target Support Files/Pods-GooDishTests/Pods-GooDishTests-frameworks.sh\"\n";
			showEnvVarsInLog = 0;
		};
		AE4B61371D83F129D46377A4 /* [CP] Embed Pods Frameworks */ = {
			isa = PBXShellScriptBuildPhase;
			buildActionMask = 2147483647;
			files = (
			);
			inputPaths = (
			);
			name = "[CP] Embed Pods Frameworks";
			outputPaths = (
			);
			runOnlyForDeploymentPostprocessing = 0;
			shellPath = /bin/sh;
			shellScript = "\"${SRCROOT}/Pods/Target Support Files/Pods-GooDishUITests/Pods-GooDishUITests-frameworks.sh\"\n";
			showEnvVarsInLog = 0;
		};
		C940A2D3D50A2930A67515D9 /* [CP] Copy Pods Resources */ = {
			isa = PBXShellScriptBuildPhase;
			buildActionMask = 2147483647;
			files = (
			);
			inputPaths = (
			);
			name = "[CP] Copy Pods Resources";
			outputPaths = (
			);
			runOnlyForDeploymentPostprocessing = 0;
			shellPath = /bin/sh;
			shellScript = "\"${SRCROOT}/Pods/Target Support Files/Pods-GooDishUITests/Pods-GooDishUITests-resources.sh\"\n";
			showEnvVarsInLog = 0;
		};
		EE2A23A6342FD2F31FF64F81 /* [CP] Copy Pods Resources */ = {
			isa = PBXShellScriptBuildPhase;
			buildActionMask = 2147483647;
			files = (
			);
			inputPaths = (
			);
			name = "[CP] Copy Pods Resources";
			outputPaths = (
			);
			runOnlyForDeploymentPostprocessing = 0;
			shellPath = /bin/sh;
			shellScript = "\"${SRCROOT}/Pods/Target Support Files/Pods-GooDish/Pods-GooDish-resources.sh\"\n";
			showEnvVarsInLog = 0;
		};
/* End PBXShellScriptBuildPhase section */

/* Begin PBXSourcesBuildPhase section */
		0FE5E9071EF9FB7500E09EC9 /* Sources */ = {
			isa = PBXSourcesBuildPhase;
			buildActionMask = 2147483647;
			files = (
				0FE5E9A61EFB139D00E09EC9 /* Restaurant.m in Sources */,
				0FE5E9481EF9FDEA00E09EC9 /* DishesCollectionViewController.m in Sources */,
				0FE5E9B01EFB26AF00E09EC9 /* Review.m in Sources */,
				0FE5E9AB1EFB13F800E09EC9 /* DishReview.m in Sources */,
				0FE5E9161EF9FB7500E09EC9 /* ViewController.m in Sources */,
				0FE5E9131EF9FB7500E09EC9 /* AppDelegate.m in Sources */,
				0F4373D01F0F182B00632C5E /* ProfileCollectionViewController.m in Sources */,
				0FE5E9B51EFB278B00E09EC9 /* ReviewUser.m in Sources */,
				0FE5E9991EFA1FC600E09EC9 /* Dish.m in Sources */,
				0FE5E9C41F03353F00E09EC9 /* DishCollectionViewController.m in Sources */,
				0FE5E94E1EFA008C00E09EC9 /* DishCollectionViewCell.m in Sources */,
				0FE5E9BC1EFE96E700E09EC9 /* SearchCollectionViewCell.m in Sources */,
				0FE5E9101EF9FB7500E09EC9 /* main.m in Sources */,
				0FE5E9D61F04966C00E09EC9 /* ReviewCollectionViewCell.m in Sources */,
			);
			runOnlyForDeploymentPostprocessing = 0;
		};
		0FE5E9201EF9FB7500E09EC9 /* Sources */ = {
			isa = PBXSourcesBuildPhase;
			buildActionMask = 2147483647;
			files = (
				0FE5E9C51F03353F00E09EC9 /* DishCollectionViewController.m in Sources */,
				0FE5E9BD1EFE96E700E09EC9 /* SearchCollectionViewCell.m in Sources */,
				0FE5E9B61EFB278B00E09EC9 /* ReviewUser.m in Sources */,
				0FE5E99A1EFA1FC600E09EC9 /* Dish.m in Sources */,
				0FE5E9D71F04966C00E09EC9 /* ReviewCollectionViewCell.m in Sources */,
				0FE5E9491EF9FDEA00E09EC9 /* DishesCollectionViewController.m in Sources */,
				0FE5E9291EF9FB7500E09EC9 /* GooDishTests.m in Sources */,
				0FE5E94F1EFA008C00E09EC9 /* DishCollectionViewCell.m in Sources */,
				0F4373D11F0F182B00632C5E /* ProfileCollectionViewController.m in Sources */,
				0FE5E9A71EFB139D00E09EC9 /* Restaurant.m in Sources */,
				0FE5E9B11EFB26AF00E09EC9 /* Review.m in Sources */,
				0FE5E9AC1EFB13F800E09EC9 /* DishReview.m in Sources */,
			);
			runOnlyForDeploymentPostprocessing = 0;
		};
		0FE5E92B1EF9FB7500E09EC9 /* Sources */ = {
			isa = PBXSourcesBuildPhase;
			buildActionMask = 2147483647;
			files = (
				0FE5E9C61F03353F00E09EC9 /* DishCollectionViewController.m in Sources */,
				0FE5E9BE1EFE96E700E09EC9 /* SearchCollectionViewCell.m in Sources */,
				0FE5E9B71EFB278B00E09EC9 /* ReviewUser.m in Sources */,
				0FE5E99B1EFA1FC600E09EC9 /* Dish.m in Sources */,
				0FE5E9D81F04966C00E09EC9 /* ReviewCollectionViewCell.m in Sources */,
				0FE5E94A1EF9FDEA00E09EC9 /* DishesCollectionViewController.m in Sources */,
				0FE5E9341EF9FB7500E09EC9 /* GooDishUITests.m in Sources */,
				0FE5E9501EFA008C00E09EC9 /* DishCollectionViewCell.m in Sources */,
				0F4373D21F0F182B00632C5E /* ProfileCollectionViewController.m in Sources */,
				0FE5E9A81EFB139D00E09EC9 /* Restaurant.m in Sources */,
				0FE5E9B21EFB26AF00E09EC9 /* Review.m in Sources */,
				0FE5E9AD1EFB13F800E09EC9 /* DishReview.m in Sources */,
			);
			runOnlyForDeploymentPostprocessing = 0;
		};
/* End PBXSourcesBuildPhase section */

/* Begin PBXTargetDependency section */
		0FE5E9261EF9FB7500E09EC9 /* PBXTargetDependency */ = {
			isa = PBXTargetDependency;
			target = 0FE5E90A1EF9FB7500E09EC9 /* GooDish */;
			targetProxy = 0FE5E9251EF9FB7500E09EC9 /* PBXContainerItemProxy */;
		};
		0FE5E9311EF9FB7500E09EC9 /* PBXTargetDependency */ = {
			isa = PBXTargetDependency;
			target = 0FE5E90A1EF9FB7500E09EC9 /* GooDish */;
			targetProxy = 0FE5E9301EF9FB7500E09EC9 /* PBXContainerItemProxy */;
		};
/* End PBXTargetDependency section */

/* Begin PBXVariantGroup section */
		0FE5E9171EF9FB7500E09EC9 /* Main.storyboard */ = {
			isa = PBXVariantGroup;
			children = (
				0FE5E9181EF9FB7500E09EC9 /* Base */,
			);
			name = Main.storyboard;
			sourceTree = "<group>";
		};
		0FE5E91C1EF9FB7500E09EC9 /* LaunchScreen.storyboard */ = {
			isa = PBXVariantGroup;
			children = (
				0FE5E91D1EF9FB7500E09EC9 /* Base */,
			);
			name = LaunchScreen.storyboard;
			sourceTree = "<group>";
		};
/* End PBXVariantGroup section */

/* Begin XCBuildConfiguration section */
		0FE5E9361EF9FB7500E09EC9 /* Debug */ = {
			isa = XCBuildConfiguration;
			buildSettings = {
				ALWAYS_SEARCH_USER_PATHS = NO;
				CLANG_ANALYZER_NONNULL = YES;
				CLANG_ANALYZER_NUMBER_OBJECT_CONVERSION = YES_AGGRESSIVE;
				CLANG_CXX_LANGUAGE_STANDARD = "gnu++0x";
				CLANG_CXX_LIBRARY = "libc++";
				CLANG_ENABLE_MODULES = YES;
				CLANG_ENABLE_OBJC_ARC = YES;
				CLANG_WARN_BOOL_CONVERSION = YES;
				CLANG_WARN_CONSTANT_CONVERSION = YES;
				CLANG_WARN_DIRECT_OBJC_ISA_USAGE = YES_ERROR;
				CLANG_WARN_DOCUMENTATION_COMMENTS = YES;
				CLANG_WARN_EMPTY_BODY = YES;
				CLANG_WARN_ENUM_CONVERSION = YES;
				CLANG_WARN_INFINITE_RECURSION = YES;
				CLANG_WARN_INT_CONVERSION = YES;
				CLANG_WARN_OBJC_ROOT_CLASS = YES_ERROR;
				CLANG_WARN_SUSPICIOUS_MOVE = YES;
				CLANG_WARN_UNREACHABLE_CODE = YES;
				CLANG_WARN__DUPLICATE_METHOD_MATCH = YES;
				"CODE_SIGN_IDENTITY[sdk=iphoneos*]" = "iPhone Developer";
				COPY_PHASE_STRIP = NO;
				DEBUG_INFORMATION_FORMAT = dwarf;
				ENABLE_STRICT_OBJC_MSGSEND = YES;
				ENABLE_TESTABILITY = YES;
				GCC_C_LANGUAGE_STANDARD = gnu99;
				GCC_DYNAMIC_NO_PIC = NO;
				GCC_NO_COMMON_BLOCKS = YES;
				GCC_OPTIMIZATION_LEVEL = 0;
				GCC_PREPROCESSOR_DEFINITIONS = (
					"DEBUG=1",
					"$(inherited)",
				);
				GCC_WARN_64_TO_32_BIT_CONVERSION = YES;
				GCC_WARN_ABOUT_RETURN_TYPE = YES_ERROR;
				GCC_WARN_UNDECLARED_SELECTOR = YES;
				GCC_WARN_UNINITIALIZED_AUTOS = YES_AGGRESSIVE;
				GCC_WARN_UNUSED_FUNCTION = YES;
				GCC_WARN_UNUSED_VARIABLE = YES;
				IPHONEOS_DEPLOYMENT_TARGET = 10.3;
				MTL_ENABLE_DEBUG_INFO = YES;
				ONLY_ACTIVE_ARCH = YES;
				SDKROOT = iphoneos;
				TARGETED_DEVICE_FAMILY = "1,2";
			};
			name = Debug;
		};
		0FE5E9371EF9FB7500E09EC9 /* Release */ = {
			isa = XCBuildConfiguration;
			buildSettings = {
				ALWAYS_SEARCH_USER_PATHS = NO;
				CLANG_ANALYZER_NONNULL = YES;
				CLANG_ANALYZER_NUMBER_OBJECT_CONVERSION = YES_AGGRESSIVE;
				CLANG_CXX_LANGUAGE_STANDARD = "gnu++0x";
				CLANG_CXX_LIBRARY = "libc++";
				CLANG_ENABLE_MODULES = YES;
				CLANG_ENABLE_OBJC_ARC = YES;
				CLANG_WARN_BOOL_CONVERSION = YES;
				CLANG_WARN_CONSTANT_CONVERSION = YES;
				CLANG_WARN_DIRECT_OBJC_ISA_USAGE = YES_ERROR;
				CLANG_WARN_DOCUMENTATION_COMMENTS = YES;
				CLANG_WARN_EMPTY_BODY = YES;
				CLANG_WARN_ENUM_CONVERSION = YES;
				CLANG_WARN_INFINITE_RECURSION = YES;
				CLANG_WARN_INT_CONVERSION = YES;
				CLANG_WARN_OBJC_ROOT_CLASS = YES_ERROR;
				CLANG_WARN_SUSPICIOUS_MOVE = YES;
				CLANG_WARN_UNREACHABLE_CODE = YES;
				CLANG_WARN__DUPLICATE_METHOD_MATCH = YES;
				"CODE_SIGN_IDENTITY[sdk=iphoneos*]" = "iPhone Developer";
				COPY_PHASE_STRIP = NO;
				DEBUG_INFORMATION_FORMAT = "dwarf-with-dsym";
				ENABLE_NS_ASSERTIONS = NO;
				ENABLE_STRICT_OBJC_MSGSEND = YES;
				GCC_C_LANGUAGE_STANDARD = gnu99;
				GCC_NO_COMMON_BLOCKS = YES;
				GCC_WARN_64_TO_32_BIT_CONVERSION = YES;
				GCC_WARN_ABOUT_RETURN_TYPE = YES_ERROR;
				GCC_WARN_UNDECLARED_SELECTOR = YES;
				GCC_WARN_UNINITIALIZED_AUTOS = YES_AGGRESSIVE;
				GCC_WARN_UNUSED_FUNCTION = YES;
				GCC_WARN_UNUSED_VARIABLE = YES;
				IPHONEOS_DEPLOYMENT_TARGET = 10.3;
				MTL_ENABLE_DEBUG_INFO = NO;
				SDKROOT = iphoneos;
				TARGETED_DEVICE_FAMILY = "1,2";
				VALIDATE_PRODUCT = YES;
			};
			name = Release;
		};
		0FE5E9391EF9FB7500E09EC9 /* Debug */ = {
			isa = XCBuildConfiguration;
			baseConfigurationReference = 7C73C4AA4D4A5398DCABF6BA /* Pods-GooDish.debug.xcconfig */;
			buildSettings = {
				ASSETCATALOG_COMPILER_APPICON_NAME = AppIcon;
				INFOPLIST_FILE = GooDish/Info.plist;
				LD_RUNPATH_SEARCH_PATHS = "$(inherited) @executable_path/Frameworks";
				PRODUCT_BUNDLE_IDENTIFIER = com.YasDen.GooDish;
				PRODUCT_NAME = "$(TARGET_NAME)";
			};
			name = Debug;
		};
		0FE5E93A1EF9FB7500E09EC9 /* Release */ = {
			isa = XCBuildConfiguration;
			baseConfigurationReference = F4B0FD89F00E52701A88224B /* Pods-GooDish.release.xcconfig */;
			buildSettings = {
				ASSETCATALOG_COMPILER_APPICON_NAME = AppIcon;
				INFOPLIST_FILE = GooDish/Info.plist;
				LD_RUNPATH_SEARCH_PATHS = "$(inherited) @executable_path/Frameworks";
				PRODUCT_BUNDLE_IDENTIFIER = com.YasDen.GooDish;
				PRODUCT_NAME = "$(TARGET_NAME)";
			};
			name = Release;
		};
		0FE5E93C1EF9FB7500E09EC9 /* Debug */ = {
			isa = XCBuildConfiguration;
			baseConfigurationReference = 5202DD066EEB408B0DDEEF3A /* Pods-GooDishTests.debug.xcconfig */;
			buildSettings = {
				BUNDLE_LOADER = "$(TEST_HOST)";
				INFOPLIST_FILE = GooDishTests/Info.plist;
				LD_RUNPATH_SEARCH_PATHS = "$(inherited) @executable_path/Frameworks @loader_path/Frameworks";
				PRODUCT_BUNDLE_IDENTIFIER = com.YasDen.GooDishTests;
				PRODUCT_NAME = "$(TARGET_NAME)";
				TEST_HOST = "$(BUILT_PRODUCTS_DIR)/GooDish.app/GooDish";
			};
			name = Debug;
		};
		0FE5E93D1EF9FB7500E09EC9 /* Release */ = {
			isa = XCBuildConfiguration;
			baseConfigurationReference = 857180AF37DB53877810CE5B /* Pods-GooDishTests.release.xcconfig */;
			buildSettings = {
				BUNDLE_LOADER = "$(TEST_HOST)";
				INFOPLIST_FILE = GooDishTests/Info.plist;
				LD_RUNPATH_SEARCH_PATHS = "$(inherited) @executable_path/Frameworks @loader_path/Frameworks";
				PRODUCT_BUNDLE_IDENTIFIER = com.YasDen.GooDishTests;
				PRODUCT_NAME = "$(TARGET_NAME)";
				TEST_HOST = "$(BUILT_PRODUCTS_DIR)/GooDish.app/GooDish";
			};
			name = Release;
		};
		0FE5E93F1EF9FB7500E09EC9 /* Debug */ = {
			isa = XCBuildConfiguration;
			baseConfigurationReference = E49D56B3D89495A94B54D011 /* Pods-GooDishUITests.debug.xcconfig */;
			buildSettings = {
				INFOPLIST_FILE = GooDishUITests/Info.plist;
				LD_RUNPATH_SEARCH_PATHS = "$(inherited) @executable_path/Frameworks @loader_path/Frameworks";
				PRODUCT_BUNDLE_IDENTIFIER = com.YasDen.GooDishUITests;
				PRODUCT_NAME = "$(TARGET_NAME)";
				TEST_TARGET_NAME = GooDish;
			};
			name = Debug;
		};
		0FE5E9401EF9FB7500E09EC9 /* Release */ = {
			isa = XCBuildConfiguration;
			baseConfigurationReference = C89D015BC7A7743AFDF2D376 /* Pods-GooDishUITests.release.xcconfig */;
			buildSettings = {
				INFOPLIST_FILE = GooDishUITests/Info.plist;
				LD_RUNPATH_SEARCH_PATHS = "$(inherited) @executable_path/Frameworks @loader_path/Frameworks";
				PRODUCT_BUNDLE_IDENTIFIER = com.YasDen.GooDishUITests;
				PRODUCT_NAME = "$(TARGET_NAME)";
				TEST_TARGET_NAME = GooDish;
			};
			name = Release;
		};
/* End XCBuildConfiguration section */

/* Begin XCConfigurationList section */
		0FE5E9061EF9FB7500E09EC9 /* Build configuration list for PBXProject "GooDish" */ = {
			isa = XCConfigurationList;
			buildConfigurations = (
				0FE5E9361EF9FB7500E09EC9 /* Debug */,
				0FE5E9371EF9FB7500E09EC9 /* Release */,
			);
			defaultConfigurationIsVisible = 0;
			defaultConfigurationName = Release;
		};
		0FE5E9381EF9FB7500E09EC9 /* Build configuration list for PBXNativeTarget "GooDish" */ = {
			isa = XCConfigurationList;
			buildConfigurations = (
				0FE5E9391EF9FB7500E09EC9 /* Debug */,
				0FE5E93A1EF9FB7500E09EC9 /* Release */,
			);
			defaultConfigurationIsVisible = 0;
			defaultConfigurationName = Release;
		};
		0FE5E93B1EF9FB7500E09EC9 /* Build configuration list for PBXNativeTarget "GooDishTests" */ = {
			isa = XCConfigurationList;
			buildConfigurations = (
				0FE5E93C1EF9FB7500E09EC9 /* Debug */,
				0FE5E93D1EF9FB7500E09EC9 /* Release */,
			);
			defaultConfigurationIsVisible = 0;
			defaultConfigurationName = Release;
		};
		0FE5E93E1EF9FB7500E09EC9 /* Build configuration list for PBXNativeTarget "GooDishUITests" */ = {
			isa = XCConfigurationList;
			buildConfigurations = (
				0FE5E93F1EF9FB7500E09EC9 /* Debug */,
				0FE5E9401EF9FB7500E09EC9 /* Release */,
			);
			defaultConfigurationIsVisible = 0;
			defaultConfigurationName = Release;
		};
/* End XCConfigurationList section */
	};
	rootObject = 0FE5E9031EF9FB7500E09EC9 /* Project object */;
}
